// !$*UTF8*$!
{
	archiveVersion = 1;
	classes = {
	};
	objectVersion = 56;
	objects = {

/* Begin PBXBuildFile section */
		56375CBF29D17B4A0024F608 /* AppDelegate.swift in Sources */ = {isa = PBXBuildFile; fileRef = 56375CBE29D17B4A0024F608 /* AppDelegate.swift */; };
		56375CC129D17B4A0024F608 /* SceneDelegate.swift in Sources */ = {isa = PBXBuildFile; fileRef = 56375CC029D17B4A0024F608 /* SceneDelegate.swift */; };
		56375CC329D17B4A0024F608 /* screenOne.swift in Sources */ = {isa = PBXBuildFile; fileRef = 56375CC229D17B4A0024F608 /* screenOne.swift */; };
		56375CC829D17B4B0024F608 /* Assets.xcassets in Resources */ = {isa = PBXBuildFile; fileRef = 56375CC729D17B4B0024F608 /* Assets.xcassets */; };
		56375CCB29D17B4B0024F608 /* LaunchScreen.storyboard in Resources */ = {isa = PBXBuildFile; fileRef = 56375CC929D17B4B0024F608 /* LaunchScreen.storyboard */; };
		568070472A12125300A9107F /* SnapKit in Frameworks */ = {isa = PBXBuildFile; productRef = 568070462A12125300A9107F /* SnapKit */; };
		568070492A12150800A9107F /* viewBMI.swift in Sources */ = {isa = PBXBuildFile; fileRef = 568070482A12150800A9107F /* viewBMI.swift */; };
		5689FADD29D2CB4E0051B448 /* signup.swift in Sources */ = {isa = PBXBuildFile; fileRef = 5689FADC29D2CB4E0051B448 /* signup.swift */; };
		5689FAE129D314580051B448 /* viewGender.swift in Sources */ = {isa = PBXBuildFile; fileRef = 5689FAE029D314580051B448 /* viewGender.swift */; };
		5689FAE329D429A80051B448 /* viewAge.swift in Sources */ = {isa = PBXBuildFile; fileRef = 5689FAE229D429A80051B448 /* viewAge.swift */; };
		5689FAE529D43E790051B448 /* viewWeight.swift in Sources */ = {isa = PBXBuildFile; fileRef = 5689FAE429D43E790051B448 /* viewWeight.swift */; };
		5689FAE729D548E60051B448 /* viewHeight.swift in Sources */ = {isa = PBXBuildFile; fileRef = 5689FAE629D548E60051B448 /* viewHeight.swift */; };
		5689FAE929D54F780051B448 /* viewLevel.swift in Sources */ = {isa = PBXBuildFile; fileRef = 5689FAE829D54F780051B448 /* viewLevel.swift */; };
		5689FAEB29D55F5A0051B448 /* viewGoal.swift in Sources */ = {isa = PBXBuildFile; fileRef = 5689FAEA29D55F5A0051B448 /* viewGoal.swift */; };
		569D1CCB29D1C9430069B835 /* signIn.swift in Sources */ = {isa = PBXBuildFile; fileRef = 569D1CCA29D1C9430069B835 /* signIn.swift */; };
		56A773A82A128C6700AA2AB5 /* viewSchedule.swift in Sources */ = {isa = PBXBuildFile; fileRef = 56A773A72A128C6700AA2AB5 /* viewSchedule.swift */; };
		56A773AA2A128C7B00AA2AB5 /* viewProgress.swift in Sources */ = {isa = PBXBuildFile; fileRef = 56A773A92A128C7B00AA2AB5 /* viewProgress.swift */; };
		56A773AC2A128C8D00AA2AB5 /* viewProfile.swift in Sources */ = {isa = PBXBuildFile; fileRef = 56A773AB2A128C8D00AA2AB5 /* viewProfile.swift */; };
		56A773AE2A128CD400AA2AB5 /* TabBarController.swift in Sources */ = {isa = PBXBuildFile; fileRef = 56A773AD2A128CD400AA2AB5 /* TabBarController.swift */; };
		56A773B02A135CEA00AA2AB5 /* CustomCell.swift in Sources */ = {isa = PBXBuildFile; fileRef = 56A773AF2A135CEA00AA2AB5 /* CustomCell.swift */; };
		56A773B22A136C4700AA2AB5 /* viewDisplay.swift in Sources */ = {isa = PBXBuildFile; fileRef = 56A773B12A136C4700AA2AB5 /* viewDisplay.swift */; };
		56A773B52A13B28A00AA2AB5 /* YouTubePlayerKit in Frameworks */ = {isa = PBXBuildFile; productRef = 56A773B42A13B28A00AA2AB5 /* YouTubePlayerKit */; };
		56A773B92A13DBA800AA2AB5 /* viewExercise.swift in Sources */ = {isa = PBXBuildFile; fileRef = 56A773B82A13DBA800AA2AB5 /* viewExercise.swift */; };
		56A773BF2A15FAAC00AA2AB5 /* FirebaseAuth in Frameworks */ = {isa = PBXBuildFile; productRef = 56A773BE2A15FAAC00AA2AB5 /* FirebaseAuth */; };
		56A773C12A15FAAC00AA2AB5 /* FirebaseDatabase in Frameworks */ = {isa = PBXBuildFile; productRef = 56A773C02A15FAAC00AA2AB5 /* FirebaseDatabase */; };
		56A773C32A15FAAC00AA2AB5 /* FirebaseFirestore in Frameworks */ = {isa = PBXBuildFile; productRef = 56A773C22A15FAAC00AA2AB5 /* FirebaseFirestore */; };
		56AA714D2A0CBCC300035FA1 /* viewHome.swift in Sources */ = {isa = PBXBuildFile; fileRef = 56AA714C2A0CBCC300035FA1 /* viewHome.swift */; };
		56EA7FDF2A176F17006077D5 /* GoogleService-Info.plist in Resources */ = {isa = PBXBuildFile; fileRef = 56EA7FDE2A176F17006077D5 /* GoogleService-Info.plist */; };
		56EA7FE12A17E17A006077D5 /* viewDailyExercises.swift in Sources */ = {isa = PBXBuildFile; fileRef = 56EA7FE02A17E17A006077D5 /* viewDailyExercises.swift */; };
		56EA7FE32A18850C006077D5 /* ScheduleCustomView.swift in Sources */ = {isa = PBXBuildFile; fileRef = 56EA7FE22A18850C006077D5 /* ScheduleCustomView.swift */; };
		56EA7FE72A18F49C006077D5 /* viewEditProfile.swift in Sources */ = {isa = PBXBuildFile; fileRef = 56EA7FE62A18F49C006077D5 /* viewEditProfile.swift */; };
/* End PBXBuildFile section */

/* Begin PBXFileReference section */
		56375CBB29D17B4A0024F608 /* Minimal Fitness.app */ = {isa = PBXFileReference; explicitFileType = wrapper.application; includeInIndex = 0; path = "Minimal Fitness.app"; sourceTree = BUILT_PRODUCTS_DIR; };
		56375CBE29D17B4A0024F608 /* AppDelegate.swift */ = {isa = PBXFileReference; lastKnownFileType = sourcecode.swift; path = AppDelegate.swift; sourceTree = "<group>"; };
		56375CC029D17B4A0024F608 /* SceneDelegate.swift */ = {isa = PBXFileReference; lastKnownFileType = sourcecode.swift; path = SceneDelegate.swift; sourceTree = "<group>"; };
		56375CC229D17B4A0024F608 /* screenOne.swift */ = {isa = PBXFileReference; lastKnownFileType = sourcecode.swift; path = screenOne.swift; sourceTree = "<group>"; };
		56375CC729D17B4B0024F608 /* Assets.xcassets */ = {isa = PBXFileReference; lastKnownFileType = folder.assetcatalog; path = Assets.xcassets; sourceTree = "<group>"; };
		56375CCA29D17B4B0024F608 /* Base */ = {isa = PBXFileReference; lastKnownFileType = file.storyboard; name = Base; path = Base.lproj/LaunchScreen.storyboard; sourceTree = "<group>"; };
		56375CCC29D17B4B0024F608 /* Info.plist */ = {isa = PBXFileReference; lastKnownFileType = text.plist.xml; path = Info.plist; sourceTree = "<group>"; };
		56375CD529D18D490024F608 /* Roboto-LightItalic.ttf */ = {isa = PBXFileReference; lastKnownFileType = file; path = "Roboto-LightItalic.ttf"; sourceTree = "<group>"; };
		56375CD629D18D490024F608 /* Roboto-Italic.ttf */ = {isa = PBXFileReference; lastKnownFileType = file; path = "Roboto-Italic.ttf"; sourceTree = "<group>"; };
		56375CD729D18D490024F608 /* Roboto-MediumItalic.ttf */ = {isa = PBXFileReference; lastKnownFileType = file; path = "Roboto-MediumItalic.ttf"; sourceTree = "<group>"; };
		56375CD829D18D4A0024F608 /* Roboto-ThinItalic.ttf */ = {isa = PBXFileReference; lastKnownFileType = file; path = "Roboto-ThinItalic.ttf"; sourceTree = "<group>"; };
		56375CD929D18D4A0024F608 /* Roboto-Light.ttf */ = {isa = PBXFileReference; lastKnownFileType = file; path = "Roboto-Light.ttf"; sourceTree = "<group>"; };
		56375CDA29D18D4A0024F608 /* Roboto-Black.ttf */ = {isa = PBXFileReference; lastKnownFileType = file; path = "Roboto-Black.ttf"; sourceTree = "<group>"; };
		56375CDB29D18D4A0024F608 /* Roboto-BoldItalic.ttf */ = {isa = PBXFileReference; lastKnownFileType = file; path = "Roboto-BoldItalic.ttf"; sourceTree = "<group>"; };
		56375CDC29D18D4A0024F608 /* Roboto-Medium.ttf */ = {isa = PBXFileReference; lastKnownFileType = file; path = "Roboto-Medium.ttf"; sourceTree = "<group>"; };
		56375CDD29D18D4A0024F608 /* Roboto-Thin.ttf */ = {isa = PBXFileReference; lastKnownFileType = file; path = "Roboto-Thin.ttf"; sourceTree = "<group>"; };
		56375CDE29D18D4A0024F608 /* Roboto-BlackItalic.ttf */ = {isa = PBXFileReference; lastKnownFileType = file; path = "Roboto-BlackItalic.ttf"; sourceTree = "<group>"; };
		56375CDF29D18D4A0024F608 /* Roboto-Bold.ttf */ = {isa = PBXFileReference; lastKnownFileType = file; path = "Roboto-Bold.ttf"; sourceTree = "<group>"; };
		56375CE029D18D4A0024F608 /* Roboto-Regular.ttf */ = {isa = PBXFileReference; lastKnownFileType = file; path = "Roboto-Regular.ttf"; sourceTree = "<group>"; };
		568070482A12150800A9107F /* viewBMI.swift */ = {isa = PBXFileReference; lastKnownFileType = sourcecode.swift; path = viewBMI.swift; sourceTree = "<group>"; };
		5689FADC29D2CB4E0051B448 /* signup.swift */ = {isa = PBXFileReference; lastKnownFileType = sourcecode.swift; path = signup.swift; sourceTree = "<group>"; };
		5689FAE029D314580051B448 /* viewGender.swift */ = {isa = PBXFileReference; lastKnownFileType = sourcecode.swift; path = viewGender.swift; sourceTree = "<group>"; };
		5689FAE229D429A80051B448 /* viewAge.swift */ = {isa = PBXFileReference; lastKnownFileType = sourcecode.swift; path = viewAge.swift; sourceTree = "<group>"; };
		5689FAE429D43E790051B448 /* viewWeight.swift */ = {isa = PBXFileReference; lastKnownFileType = sourcecode.swift; path = viewWeight.swift; sourceTree = "<group>"; };
		5689FAE629D548E60051B448 /* viewHeight.swift */ = {isa = PBXFileReference; lastKnownFileType = sourcecode.swift; path = viewHeight.swift; sourceTree = "<group>"; };
		5689FAE829D54F780051B448 /* viewLevel.swift */ = {isa = PBXFileReference; lastKnownFileType = sourcecode.swift; path = viewLevel.swift; sourceTree = "<group>"; };
		5689FAEA29D55F5A0051B448 /* viewGoal.swift */ = {isa = PBXFileReference; lastKnownFileType = sourcecode.swift; path = viewGoal.swift; sourceTree = "<group>"; };
		569D1CCA29D1C9430069B835 /* signIn.swift */ = {isa = PBXFileReference; lastKnownFileType = sourcecode.swift; path = signIn.swift; sourceTree = "<group>"; };
		56A773A72A128C6700AA2AB5 /* viewSchedule.swift */ = {isa = PBXFileReference; lastKnownFileType = sourcecode.swift; path = viewSchedule.swift; sourceTree = "<group>"; };
		56A773A92A128C7B00AA2AB5 /* viewProgress.swift */ = {isa = PBXFileReference; lastKnownFileType = sourcecode.swift; path = viewProgress.swift; sourceTree = "<group>"; };
		56A773AB2A128C8D00AA2AB5 /* viewProfile.swift */ = {isa = PBXFileReference; lastKnownFileType = sourcecode.swift; path = viewProfile.swift; sourceTree = "<group>"; };
		56A773AD2A128CD400AA2AB5 /* TabBarController.swift */ = {isa = PBXFileReference; lastKnownFileType = sourcecode.swift; path = TabBarController.swift; sourceTree = "<group>"; };
		56A773AF2A135CEA00AA2AB5 /* CustomCell.swift */ = {isa = PBXFileReference; lastKnownFileType = sourcecode.swift; path = CustomCell.swift; sourceTree = "<group>"; };
		56A773B12A136C4700AA2AB5 /* viewDisplay.swift */ = {isa = PBXFileReference; lastKnownFileType = sourcecode.swift; path = viewDisplay.swift; sourceTree = "<group>"; };
		56A773B82A13DBA800AA2AB5 /* viewExercise.swift */ = {isa = PBXFileReference; lastKnownFileType = sourcecode.swift; path = viewExercise.swift; sourceTree = "<group>"; };
		56AA714C2A0CBCC300035FA1 /* viewHome.swift */ = {isa = PBXFileReference; lastKnownFileType = sourcecode.swift; path = viewHome.swift; sourceTree = "<group>"; };
		56EA7FDE2A176F17006077D5 /* GoogleService-Info.plist */ = {isa = PBXFileReference; fileEncoding = 4; lastKnownFileType = text.plist.xml; name = "GoogleService-Info.plist"; path = "../../../../Downloads/GoogleService-Info.plist"; sourceTree = "<group>"; };
		56EA7FE02A17E17A006077D5 /* viewDailyExercises.swift */ = {isa = PBXFileReference; lastKnownFileType = sourcecode.swift; path = viewDailyExercises.swift; sourceTree = "<group>"; };
		56EA7FE22A18850C006077D5 /* ScheduleCustomView.swift */ = {isa = PBXFileReference; lastKnownFileType = sourcecode.swift; path = ScheduleCustomView.swift; sourceTree = "<group>"; };
		56EA7FE62A18F49C006077D5 /* viewEditProfile.swift */ = {isa = PBXFileReference; lastKnownFileType = sourcecode.swift; path = viewEditProfile.swift; sourceTree = "<group>"; };
/* End PBXFileReference section */

/* Begin PBXFrameworksBuildPhase section */
		56375CB829D17B4A0024F608 /* Frameworks */ = {
			isa = PBXFrameworksBuildPhase;
			buildActionMask = 2147483647;
			files = (
				56A773B52A13B28A00AA2AB5 /* YouTubePlayerKit in Frameworks */,
				56A773BF2A15FAAC00AA2AB5 /* FirebaseAuth in Frameworks */,
				56A773C12A15FAAC00AA2AB5 /* FirebaseDatabase in Frameworks */,
				56A773C32A15FAAC00AA2AB5 /* FirebaseFirestore in Frameworks */,
				568070472A12125300A9107F /* SnapKit in Frameworks */,
			);
			runOnlyForDeploymentPostprocessing = 0;
		};
/* End PBXFrameworksBuildPhase section */

/* Begin PBXGroup section */
		56375CB229D17B4A0024F608 = {
			isa = PBXGroup;
			children = (
				56375CBD29D17B4A0024F608 /* Minimal Fitness */,
				56375CBC29D17B4A0024F608 /* Products */,
			);
			sourceTree = "<group>";
		};
		56375CBC29D17B4A0024F608 /* Products */ = {
			isa = PBXGroup;
			children = (
				56375CBB29D17B4A0024F608 /* Minimal Fitness.app */,
			);
			name = Products;
			sourceTree = "<group>";
		};
		56375CBD29D17B4A0024F608 /* Minimal Fitness */ = {
			isa = PBXGroup;
			children = (
				56EA7FDE2A176F17006077D5 /* GoogleService-Info.plist */,
				56375CD429D18CFA0024F608 /* Fonts */,
				56375CD329D17E2B0024F608 /* Other */,
				56375CD229D17E200024F608 /* Views */,
				56375CC729D17B4B0024F608 /* Assets.xcassets */,
				56375CC929D17B4B0024F608 /* LaunchScreen.storyboard */,
				56375CCC29D17B4B0024F608 /* Info.plist */,
			);
			path = "Minimal Fitness";
			sourceTree = "<group>";
		};
		56375CD229D17E200024F608 /* Views */ = {
			isa = PBXGroup;
			children = (
				56AA714B2A0CBC9400035FA1 /* Process Views */,
				56AA714A2A0CBC5C00035FA1 /* Daily Views */,
			);
			path = Views;
			sourceTree = "<group>";
		};
		56375CD329D17E2B0024F608 /* Other */ = {
			isa = PBXGroup;
			children = (
				56375CBE29D17B4A0024F608 /* AppDelegate.swift */,
				56375CC029D17B4A0024F608 /* SceneDelegate.swift */,
			);
			path = Other;
			sourceTree = "<group>";
		};
		56375CD429D18CFA0024F608 /* Fonts */ = {
			isa = PBXGroup;
			children = (
				56375CDA29D18D4A0024F608 /* Roboto-Black.ttf */,
				56375CDE29D18D4A0024F608 /* Roboto-BlackItalic.ttf */,
				56375CDF29D18D4A0024F608 /* Roboto-Bold.ttf */,
				56375CDB29D18D4A0024F608 /* Roboto-BoldItalic.ttf */,
				56375CD629D18D490024F608 /* Roboto-Italic.ttf */,
				56375CD929D18D4A0024F608 /* Roboto-Light.ttf */,
				56375CD529D18D490024F608 /* Roboto-LightItalic.ttf */,
				56375CDC29D18D4A0024F608 /* Roboto-Medium.ttf */,
				56375CD729D18D490024F608 /* Roboto-MediumItalic.ttf */,
				56375CE029D18D4A0024F608 /* Roboto-Regular.ttf */,
				56375CDD29D18D4A0024F608 /* Roboto-Thin.ttf */,
				56375CD829D18D4A0024F608 /* Roboto-ThinItalic.ttf */,
			);
			path = Fonts;
			sourceTree = "<group>";
		};
		56AA714A2A0CBC5C00035FA1 /* Daily Views */ = {
			isa = PBXGroup;
			children = (
				56AA714C2A0CBCC300035FA1 /* viewHome.swift */,
				56A773B82A13DBA800AA2AB5 /* viewExercise.swift */,
				56A773A72A128C6700AA2AB5 /* viewSchedule.swift */,
				56EA7FE02A17E17A006077D5 /* viewDailyExercises.swift */,
				56A773A92A128C7B00AA2AB5 /* viewProgress.swift */,
				56A773AB2A128C8D00AA2AB5 /* viewProfile.swift */,
				56A773AD2A128CD400AA2AB5 /* TabBarController.swift */,
				56A773AF2A135CEA00AA2AB5 /* CustomCell.swift */,
				56EA7FE22A18850C006077D5 /* ScheduleCustomView.swift */,
				56EA7FE62A18F49C006077D5 /* viewEditProfile.swift */,
				56A773B12A136C4700AA2AB5 /* viewDisplay.swift */,
			);
			path = "Daily Views";
			sourceTree = "<group>";
		};
		56AA714B2A0CBC9400035FA1 /* Process Views */ = {
			isa = PBXGroup;
			children = (
				56375CC229D17B4A0024F608 /* screenOne.swift */,
				569D1CCA29D1C9430069B835 /* signIn.swift */,
				5689FADC29D2CB4E0051B448 /* signup.swift */,
				5689FAE029D314580051B448 /* viewGender.swift */,
				5689FAE229D429A80051B448 /* viewAge.swift */,
				5689FAE429D43E790051B448 /* viewWeight.swift */,
				5689FAE629D548E60051B448 /* viewHeight.swift */,
				5689FAE829D54F780051B448 /* viewLevel.swift */,
				5689FAEA29D55F5A0051B448 /* viewGoal.swift */,
				568070482A12150800A9107F /* viewBMI.swift */,
			);
			path = "Process Views";
			sourceTree = "<group>";
		};
/* End PBXGroup section */

/* Begin PBXNativeTarget section */
		56375CBA29D17B4A0024F608 /* Minimal Fitness */ = {
			isa = PBXNativeTarget;
			buildConfigurationList = 56375CCF29D17B4B0024F608 /* Build configuration list for PBXNativeTarget "Minimal Fitness" */;
			buildPhases = (
				56375CB729D17B4A0024F608 /* Sources */,
				56375CB829D17B4A0024F608 /* Frameworks */,
				56375CB929D17B4A0024F608 /* Resources */,
			);
			buildRules = (
			);
			dependencies = (
			);
			name = "Minimal Fitness";
			packageProductDependencies = (
				568070462A12125300A9107F /* SnapKit */,
				56A773B42A13B28A00AA2AB5 /* YouTubePlayerKit */,
				56A773BE2A15FAAC00AA2AB5 /* FirebaseAuth */,
				56A773C02A15FAAC00AA2AB5 /* FirebaseDatabase */,
				56A773C22A15FAAC00AA2AB5 /* FirebaseFirestore */,
			);
			productName = "Minimal Fitness";
			productReference = 56375CBB29D17B4A0024F608 /* Minimal Fitness.app */;
			productType = "com.apple.product-type.application";
		};
/* End PBXNativeTarget section */

/* Begin PBXProject section */
		56375CB329D17B4A0024F608 /* Project object */ = {
			isa = PBXProject;
			attributes = {
				BuildIndependentTargetsInParallel = 1;
				LastSwiftUpdateCheck = 1420;
				LastUpgradeCheck = 1420;
				TargetAttributes = {
					56375CBA29D17B4A0024F608 = {
						CreatedOnToolsVersion = 14.2;
					};
				};
			};
			buildConfigurationList = 56375CB629D17B4A0024F608 /* Build configuration list for PBXProject "Minimal Fitness" */;
			compatibilityVersion = "Xcode 14.0";
			developmentRegion = en;
			hasScannedForEncodings = 0;
			knownRegions = (
				en,
				Base,
			);
			mainGroup = 56375CB229D17B4A0024F608;
			packageReferences = (
				568070452A12125300A9107F /* XCRemoteSwiftPackageReference "SnapKit" */,
				56A773B32A13B28A00AA2AB5 /* XCRemoteSwiftPackageReference "YouTubePlayerKit" */,
				56A773BA2A15509E00AA2AB5 /* XCRemoteSwiftPackageReference "Charts" */,
				56A773BD2A15FAAC00AA2AB5 /* XCRemoteSwiftPackageReference "firebase-ios-sdk" */,
			);
			productRefGroup = 56375CBC29D17B4A0024F608 /* Products */;
			projectDirPath = "";
			projectRoot = "";
			targets = (
				56375CBA29D17B4A0024F608 /* Minimal Fitness */,
			);
		};
/* End PBXProject section */

/* Begin PBXResourcesBuildPhase section */
		56375CB929D17B4A0024F608 /* Resources */ = {
			isa = PBXResourcesBuildPhase;
			buildActionMask = 2147483647;
			files = (
				56375CCB29D17B4B0024F608 /* LaunchScreen.storyboard in Resources */,
				56375CC829D17B4B0024F608 /* Assets.xcassets in Resources */,
				56EA7FDF2A176F17006077D5 /* GoogleService-Info.plist in Resources */,
			);
			runOnlyForDeploymentPostprocessing = 0;
		};
/* End PBXResourcesBuildPhase section */

/* Begin PBXSourcesBuildPhase section */
		56375CB729D17B4A0024F608 /* Sources */ = {
			isa = PBXSourcesBuildPhase;
			buildActionMask = 2147483647;
			files = (
				56375CC329D17B4A0024F608 /* screenOne.swift in Sources */,
				56A773B22A136C4700AA2AB5 /* viewDisplay.swift in Sources */,
				56375CBF29D17B4A0024F608 /* AppDelegate.swift in Sources */,
				5689FAE729D548E60051B448 /* viewHeight.swift in Sources */,
				5689FADD29D2CB4E0051B448 /* signup.swift in Sources */,
				56A773B02A135CEA00AA2AB5 /* CustomCell.swift in Sources */,
				568070492A12150800A9107F /* viewBMI.swift in Sources */,
				5689FAE329D429A80051B448 /* viewAge.swift in Sources */,
				56A773AE2A128CD400AA2AB5 /* TabBarController.swift in Sources */,
				5689FAE929D54F780051B448 /* viewLevel.swift in Sources */,
				5689FAEB29D55F5A0051B448 /* viewGoal.swift in Sources */,
				56EA7FE32A18850C006077D5 /* ScheduleCustomView.swift in Sources */,
				56A773AC2A128C8D00AA2AB5 /* viewProfile.swift in Sources */,
				56A773AA2A128C7B00AA2AB5 /* viewProgress.swift in Sources */,
				5689FAE129D314580051B448 /* viewGender.swift in Sources */,
				56A773A82A128C6700AA2AB5 /* viewSchedule.swift in Sources */,
				56EA7FE12A17E17A006077D5 /* viewDailyExercises.swift in Sources */,
				56EA7FE72A18F49C006077D5 /* viewEditProfile.swift in Sources */,
				56375CC129D17B4A0024F608 /* SceneDelegate.swift in Sources */,
				56A773B92A13DBA800AA2AB5 /* viewExercise.swift in Sources */,
				56AA714D2A0CBCC300035FA1 /* viewHome.swift in Sources */,
				5689FAE529D43E790051B448 /* viewWeight.swift in Sources */,
				569D1CCB29D1C9430069B835 /* signIn.swift in Sources */,
			);
			runOnlyForDeploymentPostprocessing = 0;
		};
/* End PBXSourcesBuildPhase section */

/* Begin PBXVariantGroup section */
		56375CC929D17B4B0024F608 /* LaunchScreen.storyboard */ = {
			isa = PBXVariantGroup;
			children = (
				56375CCA29D17B4B0024F608 /* Base */,
			);
			name = LaunchScreen.storyboard;
			sourceTree = "<group>";
		};
/* End PBXVariantGroup section */

/* Begin XCBuildConfiguration section */
		56375CCD29D17B4B0024F608 /* Debug */ = {
			isa = XCBuildConfiguration;
			buildSettings = {
				ALWAYS_SEARCH_USER_PATHS = NO;
				CLANG_ANALYZER_NONNULL = YES;
				CLANG_ANALYZER_NUMBER_OBJECT_CONVERSION = YES_AGGRESSIVE;
				CLANG_CXX_LANGUAGE_STANDARD = "gnu++20";
				CLANG_ENABLE_MODULES = YES;
				CLANG_ENABLE_OBJC_ARC = YES;
				CLANG_ENABLE_OBJC_WEAK = YES;
				CLANG_WARN_BLOCK_CAPTURE_AUTORELEASING = YES;
				CLANG_WARN_BOOL_CONVERSION = YES;
				CLANG_WARN_COMMA = YES;
				CLANG_WARN_CONSTANT_CONVERSION = YES;
				CLANG_WARN_DEPRECATED_OBJC_IMPLEMENTATIONS = YES;
				CLANG_WARN_DIRECT_OBJC_ISA_USAGE = YES_ERROR;
				CLANG_WARN_DOCUMENTATION_COMMENTS = YES;
				CLANG_WARN_EMPTY_BODY = YES;
				CLANG_WARN_ENUM_CONVERSION = YES;
				CLANG_WARN_INFINITE_RECURSION = YES;
				CLANG_WARN_INT_CONVERSION = YES;
				CLANG_WARN_NON_LITERAL_NULL_CONVERSION = YES;
				CLANG_WARN_OBJC_IMPLICIT_RETAIN_SELF = YES;
				CLANG_WARN_OBJC_LITERAL_CONVERSION = YES;
				CLANG_WARN_OBJC_ROOT_CLASS = YES_ERROR;
				CLANG_WARN_QUOTED_INCLUDE_IN_FRAMEWORK_HEADER = YES;
				CLANG_WARN_RANGE_LOOP_ANALYSIS = YES;
				CLANG_WARN_STRICT_PROTOTYPES = YES;
				CLANG_WARN_SUSPICIOUS_MOVE = YES;
				CLANG_WARN_UNGUARDED_AVAILABILITY = YES_AGGRESSIVE;
				CLANG_WARN_UNREACHABLE_CODE = YES;
				CLANG_WARN__DUPLICATE_METHOD_MATCH = YES;
				COPY_PHASE_STRIP = NO;
				DEBUG_INFORMATION_FORMAT = dwarf;
				ENABLE_STRICT_OBJC_MSGSEND = YES;
				ENABLE_TESTABILITY = YES;
				GCC_C_LANGUAGE_STANDARD = gnu11;
				GCC_DYNAMIC_NO_PIC = NO;
				GCC_NO_COMMON_BLOCKS = YES;
				GCC_OPTIMIZATION_LEVEL = 0;
				GCC_PREPROCESSOR_DEFINITIONS = (
					"DEBUG=1",
					"$(inherited)",
				);
				GCC_WARN_64_TO_32_BIT_CONVERSION = YES;
				GCC_WARN_ABOUT_RETURN_TYPE = YES_ERROR;
				GCC_WARN_UNDECLARED_SELECTOR = YES;
				GCC_WARN_UNINITIALIZED_AUTOS = YES_AGGRESSIVE;
				GCC_WARN_UNUSED_FUNCTION = YES;
				GCC_WARN_UNUSED_VARIABLE = YES;
				IPHONEOS_DEPLOYMENT_TARGET = 16.2;
				MTL_ENABLE_DEBUG_INFO = INCLUDE_SOURCE;
				MTL_FAST_MATH = YES;
				ONLY_ACTIVE_ARCH = YES;
				SDKROOT = iphoneos;
				SWIFT_ACTIVE_COMPILATION_CONDITIONS = DEBUG;
				SWIFT_OPTIMIZATION_LEVEL = "-Onone";
			};
			name = Debug;
		};
		56375CCE29D17B4B0024F608 /* Release */ = {
			isa = XCBuildConfiguration;
			buildSettings = {
				ALWAYS_SEARCH_USER_PATHS = NO;
				CLANG_ANALYZER_NONNULL = YES;
				CLANG_ANALYZER_NUMBER_OBJECT_CONVERSION = YES_AGGRESSIVE;
				CLANG_CXX_LANGUAGE_STANDARD = "gnu++20";
				CLANG_ENABLE_MODULES = YES;
				CLANG_ENABLE_OBJC_ARC = YES;
				CLANG_ENABLE_OBJC_WEAK = YES;
				CLANG_WARN_BLOCK_CAPTURE_AUTORELEASING = YES;
				CLANG_WARN_BOOL_CONVERSION = YES;
				CLANG_WARN_COMMA = YES;
				CLANG_WARN_CONSTANT_CONVERSION = YES;
				CLANG_WARN_DEPRECATED_OBJC_IMPLEMENTATIONS = YES;
				CLANG_WARN_DIRECT_OBJC_ISA_USAGE = YES_ERROR;
				CLANG_WARN_DOCUMENTATION_COMMENTS = YES;
				CLANG_WARN_EMPTY_BODY = YES;
				CLANG_WARN_ENUM_CONVERSION = YES;
				CLANG_WARN_INFINITE_RECURSION = YES;
				CLANG_WARN_INT_CONVERSION = YES;
				CLANG_WARN_NON_LITERAL_NULL_CONVERSION = YES;
				CLANG_WARN_OBJC_IMPLICIT_RETAIN_SELF = YES;
				CLANG_WARN_OBJC_LITERAL_CONVERSION = YES;
				CLANG_WARN_OBJC_ROOT_CLASS = YES_ERROR;
				CLANG_WARN_QUOTED_INCLUDE_IN_FRAMEWORK_HEADER = YES;
				CLANG_WARN_RANGE_LOOP_ANALYSIS = YES;
				CLANG_WARN_STRICT_PROTOTYPES = YES;
				CLANG_WARN_SUSPICIOUS_MOVE = YES;
				CLANG_WARN_UNGUARDED_AVAILABILITY = YES_AGGRESSIVE;
				CLANG_WARN_UNREACHABLE_CODE = YES;
				CLANG_WARN__DUPLICATE_METHOD_MATCH = YES;
				COPY_PHASE_STRIP = NO;
				DEBUG_INFORMATION_FORMAT = "dwarf-with-dsym";
				ENABLE_NS_ASSERTIONS = NO;
				ENABLE_STRICT_OBJC_MSGSEND = YES;
				GCC_C_LANGUAGE_STANDARD = gnu11;
				GCC_NO_COMMON_BLOCKS = YES;
				GCC_WARN_64_TO_32_BIT_CONVERSION = YES;
				GCC_WARN_ABOUT_RETURN_TYPE = YES_ERROR;
				GCC_WARN_UNDECLARED_SELECTOR = YES;
				GCC_WARN_UNINITIALIZED_AUTOS = YES_AGGRESSIVE;
				GCC_WARN_UNUSED_FUNCTION = YES;
				GCC_WARN_UNUSED_VARIABLE = YES;
				IPHONEOS_DEPLOYMENT_TARGET = 16.2;
				MTL_ENABLE_DEBUG_INFO = NO;
				MTL_FAST_MATH = YES;
				SDKROOT = iphoneos;
				SWIFT_COMPILATION_MODE = wholemodule;
				SWIFT_OPTIMIZATION_LEVEL = "-O";
				VALIDATE_PRODUCT = YES;
			};
			name = Release;
		};
		56375CD029D17B4B0024F608 /* Debug */ = {
			isa = XCBuildConfiguration;
			buildSettings = {
				ASSETCATALOG_COMPILER_APPICON_NAME = AppIcon;
				ASSETCATALOG_COMPILER_GLOBAL_ACCENT_COLOR_NAME = AccentColor;
				CODE_SIGN_STYLE = Automatic;
				CURRENT_PROJECT_VERSION = 1;
				DEVELOPMENT_TEAM = 337LX9AUG5;
				GENERATE_INFOPLIST_FILE = YES;
				INFOPLIST_FILE = "Minimal Fitness/Info.plist";
				INFOPLIST_KEY_UIApplicationSupportsIndirectInputEvents = YES;
				INFOPLIST_KEY_UILaunchStoryboardName = LaunchScreen;
				INFOPLIST_KEY_UISupportedInterfaceOrientations_iPad = "UIInterfaceOrientationPortrait UIInterfaceOrientationPortraitUpsideDown UIInterfaceOrientationLandscapeLeft UIInterfaceOrientationLandscapeRight";
				INFOPLIST_KEY_UISupportedInterfaceOrientations_iPhone = "UIInterfaceOrientationPortrait UIInterfaceOrientationLandscapeLeft UIInterfaceOrientationLandscapeRight";
				LD_RUNPATH_SEARCH_PATHS = (
					"$(inherited)",
					"@executable_path/Frameworks",
				);
				MARKETING_VERSION = 1.0;
				PRODUCT_BUNDLE_IDENTIFIER = com.harsha.MinimalFitness;
				PRODUCT_NAME = "$(TARGET_NAME)";
				SWIFT_EMIT_LOC_STRINGS = YES;
				SWIFT_VERSION = 5.0;
				TARGETED_DEVICE_FAMILY = "1,2";
			};
			name = Debug;
		};
		56375CD129D17B4B0024F608 /* Release */ = {
			isa = XCBuildConfiguration;
			buildSettings = {
				ASSETCATALOG_COMPILER_APPICON_NAME = AppIcon;
				ASSETCATALOG_COMPILER_GLOBAL_ACCENT_COLOR_NAME = AccentColor;
				CODE_SIGN_STYLE = Automatic;
				CURRENT_PROJECT_VERSION = 1;
				DEVELOPMENT_TEAM = 337LX9AUG5;
				GENERATE_INFOPLIST_FILE = YES;
				INFOPLIST_FILE = "Minimal Fitness/Info.plist";
				INFOPLIST_KEY_UIApplicationSupportsIndirectInputEvents = YES;
				INFOPLIST_KEY_UILaunchStoryboardName = LaunchScreen;
				INFOPLIST_KEY_UISupportedInterfaceOrientations_iPad = "UIInterfaceOrientationPortrait UIInterfaceOrientationPortraitUpsideDown UIInterfaceOrientationLandscapeLeft UIInterfaceOrientationLandscapeRight";
				INFOPLIST_KEY_UISupportedInterfaceOrientations_iPhone = "UIInterfaceOrientationPortrait UIInterfaceOrientationLandscapeLeft UIInterfaceOrientationLandscapeRight";
				LD_RUNPATH_SEARCH_PATHS = (
					"$(inherited)",
					"@executable_path/Frameworks",
				);
				MARKETING_VERSION = 1.0;
				PRODUCT_BUNDLE_IDENTIFIER = com.harsha.MinimalFitness;
				PRODUCT_NAME = "$(TARGET_NAME)";
				SWIFT_EMIT_LOC_STRINGS = YES;
				SWIFT_VERSION = 5.0;
				TARGETED_DEVICE_FAMILY = "1,2";
			};
			name = Release;
		};
/* End XCBuildConfiguration section */

/* Begin XCConfigurationList section */
		56375CB629D17B4A0024F608 /* Build configuration list for PBXProject "Minimal Fitness" */ = {
			isa = XCConfigurationList;
			buildConfigurations = (
				56375CCD29D17B4B0024F608 /* Debug */,
				56375CCE29D17B4B0024F608 /* Release */,
			);
			defaultConfigurationIsVisible = 0;
			defaultConfigurationName = Release;
		};
		56375CCF29D17B4B0024F608 /* Build configuration list for PBXNativeTarget "Minimal Fitness" */ = {
			isa = XCConfigurationList;
			buildConfigurations = (
				56375CD029D17B4B0024F608 /* Debug */,
				56375CD129D17B4B0024F608 /* Release */,
			);
			defaultConfigurationIsVisible = 0;
			defaultConfigurationName = Release;
		};
/* End XCConfigurationList section */

/* Begin XCRemoteSwiftPackageReference section */
		568070452A12125300A9107F /* XCRemoteSwiftPackageReference "SnapKit" */ = {
			isa = XCRemoteSwiftPackageReference;
			repositoryURL = "https://github.com/SnapKit/SnapKit.git";
			requirement = {
				kind = upToNextMajorVersion;
				minimumVersion = 5.0.0;
			};
		};
		56A773B32A13B28A00AA2AB5 /* XCRemoteSwiftPackageReference "YouTubePlayerKit" */ = {
			isa = XCRemoteSwiftPackageReference;
			repositoryURL = "https://github.com/SvenTiigi/YouTubePlayerKit.git";
			requirement = {
				kind = upToNextMajorVersion;
				minimumVersion = 1.0.0;
			};
		};
		56A773BA2A15509E00AA2AB5 /* XCRemoteSwiftPackageReference "Charts" */ = {
			isa = XCRemoteSwiftPackageReference;
			repositoryURL = "https://github.com/danielgindi/Charts.git";
			requirement = {
				kind = upToNextMajorVersion;
				minimumVersion = 3.0.0;
			};
		};
		56A773BD2A15FAAC00AA2AB5 /* XCRemoteSwiftPackageReference "firebase-ios-sdk" */ = {
			isa = XCRemoteSwiftPackageReference;
			repositoryURL = "https://github.com/firebase/firebase-ios-sdk";
			requirement = {
				kind = upToNextMajorVersion;
				minimumVersion = 10.0.0;
			};
		};
/* End XCRemoteSwiftPackageReference section */

/* Begin XCSwiftPackageProductDependency section */
		568070462A12125300A9107F /* SnapKit */ = {
			isa = XCSwiftPackageProductDependency;
			package = 568070452A12125300A9107F /* XCRemoteSwiftPackageReference "SnapKit" */;
			productName = SnapKit;
		};
		56A773B42A13B28A00AA2AB5 /* YouTubePlayerKit */ = {
			isa = XCSwiftPackageProductDependency;
			package = 56A773B32A13B28A00AA2AB5 /* XCRemoteSwiftPackageReference "YouTubePlayerKit" */;
			productName = YouTubePlayerKit;
		};
		56A773BE2A15FAAC00AA2AB5 /* FirebaseAuth */ = {
			isa = XCSwiftPackageProductDependency;
			package = 56A773BD2A15FAAC00AA2AB5 /* XCRemoteSwiftPackageReference "firebase-ios-sdk" */;
			productName = FirebaseAuth;
		};
		56A773C02A15FAAC00AA2AB5 /* FirebaseDatabase */ = {
			isa = XCSwiftPackageProductDependency;
			package = 56A773BD2A15FAAC00AA2AB5 /* XCRemoteSwiftPackageReference "firebase-ios-sdk" */;
			productName = FirebaseDatabase;
		};
		56A773C22A15FAAC00AA2AB5 /* FirebaseFirestore */ = {
			isa = XCSwiftPackageProductDependency;
			package = 56A773BD2A15FAAC00AA2AB5 /* XCRemoteSwiftPackageReference "firebase-ios-sdk" */;
			productName = FirebaseFirestore;
		};
/* End XCSwiftPackageProductDependency section */
	};
	rootObject = 56375CB329D17B4A0024F608 /* Project object */;
}
