// !$*UTF8*$!
{
	archiveVersion = 1;
	classes = {
	};
	objectVersion = 56;
	objects = {

/* Begin PBXBuildFile section */
		56375CBF29D17B4A0024F608 /* AppDelegate.swift in Sources */ = {isa = PBXBuildFile; fileRef = 56375CBE29D17B4A0024F608 /* AppDelegate.swift */; };
		56375CC129D17B4A0024F608 /* SceneDelegate.swift in Sources */ = {isa = PBXBuildFile; fileRef = 56375CC029D17B4A0024F608 /* SceneDelegate.swift */; };
		56375CC329D17B4A0024F608 /* screenOne.swift in Sources */ = {isa = PBXBuildFile; fileRef = 56375CC229D17B4A0024F608 /* screenOne.swift */; };
		56375CC829D17B4B0024F608 /* Assets.xcassets in Resources */ = {isa = PBXBuildFile; fileRef = 56375CC729D17B4B0024F608 /* Assets.xcassets */; };
		56375CCB29D17B4B0024F608 /* LaunchScreen.storyboard in Resources */ = {isa = PBXBuildFile; fileRef = 56375CC929D17B4B0024F608 /* LaunchScreen.storyboard */; };
		569D1CCB29D1C9430069B835 /* signIn.swift in Sources */ = {isa = PBXBuildFile; fileRef = 569D1CCA29D1C9430069B835 /* signIn.swift */; };
/* End PBXBuildFile section */

/* Begin PBXFileReference section */
		56375CBB29D17B4A0024F608 /* Minimal Fitness.app */ = {isa = PBXFileReference; explicitFileType = wrapper.application; includeInIndex = 0; path = "Minimal Fitness.app"; sourceTree = BUILT_PRODUCTS_DIR; };
		56375CBE29D17B4A0024F608 /* AppDelegate.swift */ = {isa = PBXFileReference; lastKnownFileType = sourcecode.swift; path = AppDelegate.swift; sourceTree = "<group>"; };
		56375CC029D17B4A0024F608 /* SceneDelegate.swift */ = {isa = PBXFileReference; lastKnownFileType = sourcecode.swift; path = SceneDelegate.swift; sourceTree = "<group>"; };
		56375CC229D17B4A0024F608 /* screenOne.swift */ = {isa = PBXFileReference; lastKnownFileType = sourcecode.swift; path = screenOne.swift; sourceTree = "<group>"; };
		56375CC729D17B4B0024F608 /* Assets.xcassets */ = {isa = PBXFileReference; lastKnownFileType = folder.assetcatalog; path = Assets.xcassets; sourceTree = "<group>"; };
		56375CCA29D17B4B0024F608 /* Base */ = {isa = PBXFileReference; lastKnownFileType = file.storyboard; name = Base; path = Base.lproj/LaunchScreen.storyboard; sourceTree = "<group>"; };
		56375CCC29D17B4B0024F608 /* Info.plist */ = {isa = PBXFileReference; lastKnownFileType = text.plist.xml; path = Info.plist; sourceTree = "<group>"; };
		56375CD529D18D490024F608 /* Roboto-LightItalic.ttf */ = {isa = PBXFileReference; lastKnownFileType = file; path = "Roboto-LightItalic.ttf"; sourceTree = "<group>"; };
		56375CD629D18D490024F608 /* Roboto-Italic.ttf */ = {isa = PBXFileReference; lastKnownFileType = file; path = "Roboto-Italic.ttf"; sourceTree = "<group>"; };
		56375CD729D18D490024F608 /* Roboto-MediumItalic.ttf */ = {isa = PBXFileReference; lastKnownFileType = file; path = "Roboto-MediumItalic.ttf"; sourceTree = "<group>"; };
		56375CD829D18D4A0024F608 /* Roboto-ThinItalic.ttf */ = {isa = PBXFileReference; lastKnownFileType = file; path = "Roboto-ThinItalic.ttf"; sourceTree = "<group>"; };
		56375CD929D18D4A0024F608 /* Roboto-Light.ttf */ = {isa = PBXFileReference; lastKnownFileType = file; path = "Roboto-Light.ttf"; sourceTree = "<group>"; };
		56375CDA29D18D4A0024F608 /* Roboto-Black.ttf */ = {isa = PBXFileReference; lastKnownFileType = file; path = "Roboto-Black.ttf"; sourceTree = "<group>"; };
		56375CDB29D18D4A0024F608 /* Roboto-BoldItalic.ttf */ = {isa = PBXFileReference; lastKnownFileType = file; path = "Roboto-BoldItalic.ttf"; sourceTree = "<group>"; };
		56375CDC29D18D4A0024F608 /* Roboto-Medium.ttf */ = {isa = PBXFileReference; lastKnownFileType = file; path = "Roboto-Medium.ttf"; sourceTree = "<group>"; };
		56375CDD29D18D4A0024F608 /* Roboto-Thin.ttf */ = {isa = PBXFileReference; lastKnownFileType = file; path = "Roboto-Thin.ttf"; sourceTree = "<group>"; };
		56375CDE29D18D4A0024F608 /* Roboto-BlackItalic.ttf */ = {isa = PBXFileReference; lastKnownFileType = file; path = "Roboto-BlackItalic.ttf"; sourceTree = "<group>"; };
		56375CDF29D18D4A0024F608 /* Roboto-Bold.ttf */ = {isa = PBXFileReference; lastKnownFileType = file; path = "Roboto-Bold.ttf"; sourceTree = "<group>"; };
		56375CE029D18D4A0024F608 /* Roboto-Regular.ttf */ = {isa = PBXFileReference; lastKnownFileType = file; path = "Roboto-Regular.ttf"; sourceTree = "<group>"; };
		569D1CCA29D1C9430069B835 /* signIn.swift */ = {isa = PBXFileReference; lastKnownFileType = sourcecode.swift; path = signIn.swift; sourceTree = "<group>"; };
/* End PBXFileReference section */

/* Begin PBXFrameworksBuildPhase section */
		56375CB829D17B4A0024F608 /* Frameworks */ = {
			isa = PBXFrameworksBuildPhase;
			buildActionMask = 2147483647;
			files = (
			);
			runOnlyForDeploymentPostprocessing = 0;
		};
/* End PBXFrameworksBuildPhase section */

/* Begin PBXGroup section */
		56375CB229D17B4A0024F608 = {
			isa = PBXGroup;
			children = (
				56375CBD29D17B4A0024F608 /* Minimal Fitness */,
				56375CBC29D17B4A0024F608 /* Products */,
			);
			sourceTree = "<group>";
		};
		56375CBC29D17B4A0024F608 /* Products */ = {
			isa = PBXGroup;
			children = (
				56375CBB29D17B4A0024F608 /* Minimal Fitness.app */,
			);
			name = Products;
			sourceTree = "<group>";
		};
		56375CBD29D17B4A0024F608 /* Minimal Fitness */ = {
			isa = PBXGroup;
			children = (
				56375CD429D18CFA0024F608 /* Fonts */,
				56375CD329D17E2B0024F608 /* Other */,
				56375CD229D17E200024F608 /* Views */,
				56375CC729D17B4B0024F608 /* Assets.xcassets */,
				56375CC929D17B4B0024F608 /* LaunchScreen.storyboard */,
				56375CCC29D17B4B0024F608 /* Info.plist */,
			);
			path = "Minimal Fitness";
			sourceTree = "<group>";
		};
		56375CD229D17E200024F608 /* Views */ = {
			isa = PBXGroup;
			children = (
				56375CC229D17B4A0024F608 /* screenOne.swift */,
				569D1CCA29D1C9430069B835 /* signIn.swift */,
			);
			path = Views;
			sourceTree = "<group>";
		};
		56375CD329D17E2B0024F608 /* Other */ = {
			isa = PBXGroup;
			children = (
				56375CBE29D17B4A0024F608 /* AppDelegate.swift */,
				56375CC029D17B4A0024F608 /* SceneDelegate.swift */,
			);
			path = Other;
			sourceTree = "<group>";
		};
		56375CD429D18CFA0024F608 /* Fonts */ = {
			isa = PBXGroup;
			children = (
				56375CDA29D18D4A0024F608 /* Roboto-Black.ttf */,
				56375CDE29D18D4A0024F608 /* Roboto-BlackItalic.ttf */,
				56375CDF29D18D4A0024F608 /* Roboto-Bold.ttf */,
				56375CDB29D18D4A0024F608 /* Roboto-BoldItalic.ttf */,
				56375CD629D18D490024F608 /* Roboto-Italic.ttf */,
				56375CD929D18D4A0024F608 /* Roboto-Light.ttf */,
				56375CD529D18D490024F608 /* Roboto-LightItalic.ttf */,
				56375CDC29D18D4A0024F608 /* Roboto-Medium.ttf */,
				56375CD729D18D490024F608 /* Roboto-MediumItalic.ttf */,
				56375CE029D18D4A0024F608 /* Roboto-Regular.ttf */,
				56375CDD29D18D4A0024F608 /* Roboto-Thin.ttf */,
				56375CD829D18D4A0024F608 /* Roboto-ThinItalic.ttf */,
			);
			path = Fonts;
			sourceTree = "<group>";
		};
/* End PBXGroup section */

/* Begin PBXNativeTarget section */
		56375CBA29D17B4A0024F608 /* Minimal Fitness */ = {
			isa = PBXNativeTarget;
			buildConfigurationList = 56375CCF29D17B4B0024F608 /* Build configuration list for PBXNativeTarget "Minimal Fitness" */;
			buildPhases = (
				56375CB729D17B4A0024F608 /* Sources */,
				56375CB829D17B4A0024F608 /* Frameworks */,
				56375CB929D17B4A0024F608 /* Resources */,
			);
			buildRules = (
			);
			dependencies = (
			);
			name = "Minimal Fitness";
			productName = "Minimal Fitness";
			productReference = 56375CBB29D17B4A0024F608 /* Minimal Fitness.app */;
			productType = "com.apple.product-type.application";
		};
/* End PBXNativeTarget section */

/* Begin PBXProject section */
		56375CB329D17B4A0024F608 /* Project object */ = {
			isa = PBXProject;
			attributes = {
				BuildIndependentTargetsInParallel = 1;
				LastSwiftUpdateCheck = 1420;
				LastUpgradeCheck = 1420;
				TargetAttributes = {
					56375CBA29D17B4A0024F608 = {
						CreatedOnToolsVersion = 14.2;
					};
				};
			};
			buildConfigurationList = 56375CB629D17B4A0024F608 /* Build configuration list for PBXProject "Minimal Fitness" */;
			compatibilityVersion = "Xcode 14.0";
			developmentRegion = en;
			hasScannedForEncodings = 0;
			knownRegions = (
				en,
				Base,
			);
			mainGroup = 56375CB229D17B4A0024F608;
			productRefGroup = 56375CBC29D17B4A0024F608 /* Products */;
			projectDirPath = "";
			projectRoot = "";
			targets = (
				56375CBA29D17B4A0024F608 /* Minimal Fitness */,
			);
		};
/* End PBXProject section */

/* Begin PBXResourcesBuildPhase section */
		56375CB929D17B4A0024F608 /* Resources */ = {
			isa = PBXResourcesBuildPhase;
			buildActionMask = 2147483647;
			files = (
				56375CCB29D17B4B0024F608 /* LaunchScreen.storyboard in Resources */,
				56375CC829D17B4B0024F608 /* Assets.xcassets in Resources */,
			);
			runOnlyForDeploymentPostprocessing = 0;
		};
/* End PBXResourcesBuildPhase section */

/* Begin PBXSourcesBuildPhase section */
		56375CB729D17B4A0024F608 /* Sources */ = {
			isa = PBXSourcesBuildPhase;
			buildActionMask = 2147483647;
			files = (
				56375CC329D17B4A0024F608 /* screenOne.swift in Sources */,
				56375CBF29D17B4A0024F608 /* AppDelegate.swift in Sources */,
				56375CC129D17B4A0024F608 /* SceneDelegate.swift in Sources */,
				569D1CCB29D1C9430069B835 /* signIn.swift in Sources */,
			);
			runOnlyForDeploymentPostprocessing = 0;
		};
/* End PBXSourcesBuildPhase section */

/* Begin PBXVariantGroup section */
		56375CC929D17B4B0024F608 /* LaunchScreen.storyboard */ = {
			isa = PBXVariantGroup;
			children = (
				56375CCA29D17B4B0024F608 /* Base */,
			);
			name = LaunchScreen.storyboard;
			sourceTree = "<group>";
		};
/* End PBXVariantGroup section */

/* Begin XCBuildConfiguration section */
		56375CCD29D17B4B0024F608 /* Debug */ = {
			isa = XCBuildConfiguration;
			buildSettings = {
				ALWAYS_SEARCH_USER_PATHS = NO;
				CLANG_ANALYZER_NONNULL = YES;
				CLANG_ANALYZER_NUMBER_OBJECT_CONVERSION = YES_AGGRESSIVE;
				CLANG_CXX_LANGUAGE_STANDARD = "gnu++20";
				CLANG_ENABLE_MODULES = YES;
				CLANG_ENABLE_OBJC_ARC = YES;
				CLANG_ENABLE_OBJC_WEAK = YES;
				CLANG_WARN_BLOCK_CAPTURE_AUTORELEASING = YES;
				CLANG_WARN_BOOL_CONVERSION = YES;
				CLANG_WARN_COMMA = YES;
				CLANG_WARN_CONSTANT_CONVERSION = YES;
				CLANG_WARN_DEPRECATED_OBJC_IMPLEMENTATIONS = YES;
				CLANG_WARN_DIRECT_OBJC_ISA_USAGE = YES_ERROR;
				CLANG_WARN_DOCUMENTATION_COMMENTS = YES;
				CLANG_WARN_EMPTY_BODY = YES;
				CLANG_WARN_ENUM_CONVERSION = YES;
				CLANG_WARN_INFINITE_RECURSION = YES;
				CLANG_WARN_INT_CONVERSION = YES;
				CLANG_WARN_NON_LITERAL_NULL_CONVERSION = YES;
				CLANG_WARN_OBJC_IMPLICIT_RETAIN_SELF = YES;
				CLANG_WARN_OBJC_LITERAL_CONVERSION = YES;
				CLANG_WARN_OBJC_ROOT_CLASS = YES_ERROR;
				CLANG_WARN_QUOTED_INCLUDE_IN_FRAMEWORK_HEADER = YES;
				CLANG_WARN_RANGE_LOOP_ANALYSIS = YES;
				CLANG_WARN_STRICT_PROTOTYPES = YES;
				CLANG_WARN_SUSPICIOUS_MOVE = YES;
				CLANG_WARN_UNGUARDED_AVAILABILITY = YES_AGGRESSIVE;
				CLANG_WARN_UNREACHABLE_CODE = YES;
				CLANG_WARN__DUPLICATE_METHOD_MATCH = YES;
				COPY_PHASE_STRIP = NO;
				DEBUG_INFORMATION_FORMAT = dwarf;
				ENABLE_STRICT_OBJC_MSGSEND = YES;
				ENABLE_TESTABILITY = YES;
				GCC_C_LANGUAGE_STANDARD = gnu11;
				GCC_DYNAMIC_NO_PIC = NO;
				GCC_NO_COMMON_BLOCKS = YES;
				GCC_OPTIMIZATION_LEVEL = 0;
				GCC_PREPROCESSOR_DEFINITIONS = (
					"DEBUG=1",
					"$(inherited)",
				);
				GCC_WARN_64_TO_32_BIT_CONVERSION = YES;
				GCC_WARN_ABOUT_RETURN_TYPE = YES_ERROR;
				GCC_WARN_UNDECLARED_SELECTOR = YES;
				GCC_WARN_UNINITIALIZED_AUTOS = YES_AGGRESSIVE;
				GCC_WARN_UNUSED_FUNCTION = YES;
				GCC_WARN_UNUSED_VARIABLE = YES;
				IPHONEOS_DEPLOYMENT_TARGET = 16.2;
				MTL_ENABLE_DEBUG_INFO = INCLUDE_SOURCE;
				MTL_FAST_MATH = YES;
				ONLY_ACTIVE_ARCH = YES;
				SDKROOT = iphoneos;
				SWIFT_ACTIVE_COMPILATION_CONDITIONS = DEBUG;
				SWIFT_OPTIMIZATION_LEVEL = "-Onone";
			};
			name = Debug;
		};
		56375CCE29D17B4B0024F608 /* Release */ = {
			isa = XCBuildConfiguration;
			buildSettings = {
				ALWAYS_SEARCH_USER_PATHS = NO;
				CLANG_ANALYZER_NONNULL = YES;
				CLANG_ANALYZER_NUMBER_OBJECT_CONVERSION = YES_AGGRESSIVE;
				CLANG_CXX_LANGUAGE_STANDARD = "gnu++20";
				CLANG_ENABLE_MODULES = YES;
				CLANG_ENABLE_OBJC_ARC = YES;
				CLANG_ENABLE_OBJC_WEAK = YES;
				CLANG_WARN_BLOCK_CAPTURE_AUTORELEASING = YES;
				CLANG_WARN_BOOL_CONVERSION = YES;
				CLANG_WARN_COMMA = YES;
				CLANG_WARN_CONSTANT_CONVERSION = YES;
				CLANG_WARN_DEPRECATED_OBJC_IMPLEMENTATIONS = YES;
				CLANG_WARN_DIRECT_OBJC_ISA_USAGE = YES_ERROR;
				CLANG_WARN_DOCUMENTATION_COMMENTS = YES;
				CLANG_WARN_EMPTY_BODY = YES;
				CLANG_WARN_ENUM_CONVERSION = YES;
				CLANG_WARN_INFINITE_RECURSION = YES;
				CLANG_WARN_INT_CONVERSION = YES;
				CLANG_WARN_NON_LITERAL_NULL_CONVERSION = YES;
				CLANG_WARN_OBJC_IMPLICIT_RETAIN_SELF = YES;
				CLANG_WARN_OBJC_LITERAL_CONVERSION = YES;
				CLANG_WARN_OBJC_ROOT_CLASS = YES_ERROR;
				CLANG_WARN_QUOTED_INCLUDE_IN_FRAMEWORK_HEADER = YES;
				CLANG_WARN_RANGE_LOOP_ANALYSIS = YES;
				CLANG_WARN_STRICT_PROTOTYPES = YES;
				CLANG_WARN_SUSPICIOUS_MOVE = YES;
				CLANG_WARN_UNGUARDED_AVAILABILITY = YES_AGGRESSIVE;
				CLANG_WARN_UNREACHABLE_CODE = YES;
				CLANG_WARN__DUPLICATE_METHOD_MATCH = YES;
				COPY_PHASE_STRIP = NO;
				DEBUG_INFORMATION_FORMAT = "dwarf-with-dsym";
				ENABLE_NS_ASSERTIONS = NO;
				ENABLE_STRICT_OBJC_MSGSEND = YES;
				GCC_C_LANGUAGE_STANDARD = gnu11;
				GCC_NO_COMMON_BLOCKS = YES;
				GCC_WARN_64_TO_32_BIT_CONVERSION = YES;
				GCC_WARN_ABOUT_RETURN_TYPE = YES_ERROR;
				GCC_WARN_UNDECLARED_SELECTOR = YES;
				GCC_WARN_UNINITIALIZED_AUTOS = YES_AGGRESSIVE;
				GCC_WARN_UNUSED_FUNCTION = YES;
				GCC_WARN_UNUSED_VARIABLE = YES;
				IPHONEOS_DEPLOYMENT_TARGET = 16.2;
				MTL_ENABLE_DEBUG_INFO = NO;
				MTL_FAST_MATH = YES;
				SDKROOT = iphoneos;
				SWIFT_COMPILATION_MODE = wholemodule;
				SWIFT_OPTIMIZATION_LEVEL = "-O";
				VALIDATE_PRODUCT = YES;
			};
			name = Release;
		};
		56375CD029D17B4B0024F608 /* Debug */ = {
			isa = XCBuildConfiguration;
			buildSettings = {
				ASSETCATALOG_COMPILER_APPICON_NAME = AppIcon;
				ASSETCATALOG_COMPILER_GLOBAL_ACCENT_COLOR_NAME = AccentColor;
				CODE_SIGN_STYLE = Automatic;
				CURRENT_PROJECT_VERSION = 1;
				DEVELOPMENT_TEAM = 337LX9AUG5;
				GENERATE_INFOPLIST_FILE = YES;
				INFOPLIST_FILE = "Minimal Fitness/Info.plist";
				INFOPLIST_KEY_UIApplicationSupportsIndirectInputEvents = YES;
				INFOPLIST_KEY_UILaunchStoryboardName = LaunchScreen;
				INFOPLIST_KEY_UISupportedInterfaceOrientations_iPad = "UIInterfaceOrientationPortrait UIInterfaceOrientationPortraitUpsideDown UIInterfaceOrientationLandscapeLeft UIInterfaceOrientationLandscapeRight";
				INFOPLIST_KEY_UISupportedInterfaceOrientations_iPhone = "UIInterfaceOrientationPortrait UIInterfaceOrientationLandscapeLeft UIInterfaceOrientationLandscapeRight";
				LD_RUNPATH_SEARCH_PATHS = (
					"$(inherited)",
					"@executable_path/Frameworks",
				);
				MARKETING_VERSION = 1.0;
				PRODUCT_BUNDLE_IDENTIFIER = "com.harsha.Minimal-Fitness";
				PRODUCT_NAME = "$(TARGET_NAME)";
				SWIFT_EMIT_LOC_STRINGS = YES;
				SWIFT_VERSION = 5.0;
				TARGETED_DEVICE_FAMILY = "1,2";
			};
			name = Debug;
		};
		56375CD129D17B4B0024F608 /* Release */ = {
			isa = XCBuildConfiguration;
			buildSettings = {
				ASSETCATALOG_COMPILER_APPICON_NAME = AppIcon;
				ASSETCATALOG_COMPILER_GLOBAL_ACCENT_COLOR_NAME = AccentColor;
				CODE_SIGN_STYLE = Automatic;
				CURRENT_PROJECT_VERSION = 1;
				DEVELOPMENT_TEAM = 337LX9AUG5;
				GENERATE_INFOPLIST_FILE = YES;
				INFOPLIST_FILE = "Minimal Fitness/Info.plist";
				INFOPLIST_KEY_UIApplicationSupportsIndirectInputEvents = YES;
				INFOPLIST_KEY_UILaunchStoryboardName = LaunchScreen;
				INFOPLIST_KEY_UISupportedInterfaceOrientations_iPad = "UIInterfaceOrientationPortrait UIInterfaceOrientationPortraitUpsideDown UIInterfaceOrientationLandscapeLeft UIInterfaceOrientationLandscapeRight";
				INFOPLIST_KEY_UISupportedInterfaceOrientations_iPhone = "UIInterfaceOrientationPortrait UIInterfaceOrientationLandscapeLeft UIInterfaceOrientationLandscapeRight";
				LD_RUNPATH_SEARCH_PATHS = (
					"$(inherited)",
					"@executable_path/Frameworks",
				);
				MARKETING_VERSION = 1.0;
				PRODUCT_BUNDLE_IDENTIFIER = "com.harsha.Minimal-Fitness";
				PRODUCT_NAME = "$(TARGET_NAME)";
				SWIFT_EMIT_LOC_STRINGS = YES;
				SWIFT_VERSION = 5.0;
				TARGETED_DEVICE_FAMILY = "1,2";
			};
			name = Release;
		};
/* End XCBuildConfiguration section */

/* Begin XCConfigurationList section */
		56375CB629D17B4A0024F608 /* Build configuration list for PBXProject "Minimal Fitness" */ = {
			isa = XCConfigurationList;
			buildConfigurations = (
				56375CCD29D17B4B0024F608 /* Debug */,
				56375CCE29D17B4B0024F608 /* Release */,
			);
			defaultConfigurationIsVisible = 0;
			defaultConfigurationName = Release;
		};
		56375CCF29D17B4B0024F608 /* Build configuration list for PBXNativeTarget "Minimal Fitness" */ = {
			isa = XCConfigurationList;
			buildConfigurations = (
				56375CD029D17B4B0024F608 /* Debug */,
				56375CD129D17B4B0024F608 /* Release */,
			);
			defaultConfigurationIsVisible = 0;
			defaultConfigurationName = Release;
		};
/* End XCConfigurationList section */
	};
	rootObject = 56375CB329D17B4A0024F608 /* Project object */;
}
